// !$*UTF8*$!
{
	archiveVersion = 1;
	classes = {
	};
	objectVersion = 46;
	objects = {

/* Begin PBXBuildFile section */
		001580971B275E4700E03E94 /* main.m in Sources */ = {isa = PBXBuildFile; fileRef = 001580961B275E4700E03E94 /* main.m */; };
		0015809A1B275E4700E03E94 /* AppDelegate.m in Sources */ = {isa = PBXBuildFile; fileRef = 001580991B275E4700E03E94 /* AppDelegate.m */; };
		001580A01B275E4700E03E94 /* Main.storyboard in Resources */ = {isa = PBXBuildFile; fileRef = 0015809E1B275E4700E03E94 /* Main.storyboard */; };
		001580A21B275E4700E03E94 /* Images.xcassets in Resources */ = {isa = PBXBuildFile; fileRef = 001580A11B275E4700E03E94 /* Images.xcassets */; };
		001580A51B275E4700E03E94 /* LaunchScreen.xib in Resources */ = {isa = PBXBuildFile; fileRef = 001580A31B275E4700E03E94 /* LaunchScreen.xib */; };
		001580B11B275E4700E03E94 /* MidasTests.m in Sources */ = {isa = PBXBuildFile; fileRef = 001580B01B275E4700E03E94 /* MidasTests.m */; };
		001580C21B2771D400E03E94 /* MIMuralViewController.m in Sources */ = {isa = PBXBuildFile; fileRef = 001580C11B2771D400E03E94 /* MIMuralViewController.m */; };
		001580C51B2771F800E03E94 /* MIMeusPedidosViewController.m in Sources */ = {isa = PBXBuildFile; fileRef = 001580C41B2771F800E03E94 /* MIMeusPedidosViewController.m */; };
		001580C81B27721400E03E94 /* MIConfiguracoesViewController.m in Sources */ = {isa = PBXBuildFile; fileRef = 001580C71B27721400E03E94 /* MIConfiguracoesViewController.m */; };
		001580CB1B27726600E03E94 /* MIPedidoDetalhadoViewController.m in Sources */ = {isa = PBXBuildFile; fileRef = 001580CA1B27726600E03E94 /* MIPedidoDetalhadoViewController.m */; };
		001580CE1B27728200E03E94 /* MIChatViewController.m in Sources */ = {isa = PBXBuildFile; fileRef = 001580CD1B27728200E03E94 /* MIChatViewController.m */; };
		001580D11B27729500E03E94 /* MINovoPedidoViewController.m in Sources */ = {isa = PBXBuildFile; fileRef = 001580D01B27729500E03E94 /* MINovoPedidoViewController.m */; };
		001580D41B2772AB00E03E94 /* MIFinalizarPedidoViewController.m in Sources */ = {isa = PBXBuildFile; fileRef = 001580D31B2772AB00E03E94 /* MIFinalizarPedidoViewController.m */; };
		001580D71B2772DF00E03E94 /* MIMeuPedidoDetalhadoViewController.m in Sources */ = {isa = PBXBuildFile; fileRef = 001580D61B2772DF00E03E94 /* MIMeuPedidoDetalhadoViewController.m */; };
		001580DA1B2772F600E03E94 /* MIEditarPedidoViewController.m in Sources */ = {isa = PBXBuildFile; fileRef = 001580D91B2772F600E03E94 /* MIEditarPedidoViewController.m */; };
		001580DD1B2773B500E03E94 /* MIPedido.m in Sources */ = {isa = PBXBuildFile; fileRef = 001580DC1B2773B500E03E94 /* MIPedido.m */; };
		001580E01B2773EB00E03E94 /* MIMessage.m in Sources */ = {isa = PBXBuildFile; fileRef = 001580DF1B2773EB00E03E94 /* MIMessage.m */; };
		001580E31B27740100E03E94 /* MIChat.m in Sources */ = {isa = PBXBuildFile; fileRef = 001580E21B27740100E03E94 /* MIChat.m */; };
		001580E61B27742200E03E94 /* MIUser.m in Sources */ = {isa = PBXBuildFile; fileRef = 001580E51B27742200E03E94 /* MIUser.m */; };
		001580E91B27743E00E03E94 /* MICloudController.m in Sources */ = {isa = PBXBuildFile; fileRef = 001580E81B27743E00E03E94 /* MICloudController.m */; };
		001580EC1B27751B00E03E94 /* MIFiltrosDeBusca.m in Sources */ = {isa = PBXBuildFile; fileRef = 001580EB1B27751B00E03E94 /* MIFiltrosDeBusca.m */; };
/* End PBXBuildFile section */

/* Begin PBXContainerItemProxy section */
		001580AB1B275E4700E03E94 /* PBXContainerItemProxy */ = {
			isa = PBXContainerItemProxy;
			containerPortal = 001580891B275E4700E03E94 /* Project object */;
			proxyType = 1;
			remoteGlobalIDString = 001580901B275E4700E03E94;
			remoteInfo = Midas;
		};
/* End PBXContainerItemProxy section */

/* Begin PBXFileReference section */
		001580911B275E4700E03E94 /* Midas.app */ = {isa = PBXFileReference; explicitFileType = wrapper.application; includeInIndex = 0; path = Midas.app; sourceTree = BUILT_PRODUCTS_DIR; };
		001580951B275E4700E03E94 /* Info.plist */ = {isa = PBXFileReference; lastKnownFileType = text.plist.xml; path = Info.plist; sourceTree = "<group>"; };
		001580961B275E4700E03E94 /* main.m */ = {isa = PBXFileReference; lastKnownFileType = sourcecode.c.objc; path = main.m; sourceTree = "<group>"; };
		001580981B275E4700E03E94 /* AppDelegate.h */ = {isa = PBXFileReference; lastKnownFileType = sourcecode.c.h; path = AppDelegate.h; sourceTree = "<group>"; };
		001580991B275E4700E03E94 /* AppDelegate.m */ = {isa = PBXFileReference; lastKnownFileType = sourcecode.c.objc; path = AppDelegate.m; sourceTree = "<group>"; };
		0015809F1B275E4700E03E94 /* Base */ = {isa = PBXFileReference; lastKnownFileType = file.storyboard; name = Base; path = Base.lproj/Main.storyboard; sourceTree = "<group>"; };
		001580A11B275E4700E03E94 /* Images.xcassets */ = {isa = PBXFileReference; lastKnownFileType = folder.assetcatalog; path = Images.xcassets; sourceTree = "<group>"; };
		001580A41B275E4700E03E94 /* Base */ = {isa = PBXFileReference; lastKnownFileType = file.xib; name = Base; path = Base.lproj/LaunchScreen.xib; sourceTree = "<group>"; };
		001580AA1B275E4700E03E94 /* MidasTests.xctest */ = {isa = PBXFileReference; explicitFileType = wrapper.cfbundle; includeInIndex = 0; path = MidasTests.xctest; sourceTree = BUILT_PRODUCTS_DIR; };
		001580AF1B275E4700E03E94 /* Info.plist */ = {isa = PBXFileReference; lastKnownFileType = text.plist.xml; path = Info.plist; sourceTree = "<group>"; };
		001580B01B275E4700E03E94 /* MidasTests.m */ = {isa = PBXFileReference; lastKnownFileType = sourcecode.c.objc; path = MidasTests.m; sourceTree = "<group>"; };
		001580C01B2771D400E03E94 /* MIMuralViewController.h */ = {isa = PBXFileReference; fileEncoding = 4; lastKnownFileType = sourcecode.c.h; path = MIMuralViewController.h; sourceTree = "<group>"; };
		001580C11B2771D400E03E94 /* MIMuralViewController.m */ = {isa = PBXFileReference; fileEncoding = 4; lastKnownFileType = sourcecode.c.objc; path = MIMuralViewController.m; sourceTree = "<group>"; };
		001580C31B2771F800E03E94 /* MIMeusPedidosViewController.h */ = {isa = PBXFileReference; fileEncoding = 4; lastKnownFileType = sourcecode.c.h; path = MIMeusPedidosViewController.h; sourceTree = "<group>"; };
		001580C41B2771F800E03E94 /* MIMeusPedidosViewController.m */ = {isa = PBXFileReference; fileEncoding = 4; lastKnownFileType = sourcecode.c.objc; path = MIMeusPedidosViewController.m; sourceTree = "<group>"; };
		001580C61B27721400E03E94 /* MIConfiguracoesViewController.h */ = {isa = PBXFileReference; fileEncoding = 4; lastKnownFileType = sourcecode.c.h; path = MIConfiguracoesViewController.h; sourceTree = "<group>"; };
		001580C71B27721400E03E94 /* MIConfiguracoesViewController.m */ = {isa = PBXFileReference; fileEncoding = 4; lastKnownFileType = sourcecode.c.objc; path = MIConfiguracoesViewController.m; sourceTree = "<group>"; };
		001580C91B27726600E03E94 /* MIPedidoDetalhadoViewController.h */ = {isa = PBXFileReference; fileEncoding = 4; lastKnownFileType = sourcecode.c.h; path = MIPedidoDetalhadoViewController.h; sourceTree = "<group>"; };
		001580CA1B27726600E03E94 /* MIPedidoDetalhadoViewController.m */ = {isa = PBXFileReference; fileEncoding = 4; lastKnownFileType = sourcecode.c.objc; path = MIPedidoDetalhadoViewController.m; sourceTree = "<group>"; };
		001580CC1B27728200E03E94 /* MIChatViewController.h */ = {isa = PBXFileReference; fileEncoding = 4; lastKnownFileType = sourcecode.c.h; path = MIChatViewController.h; sourceTree = "<group>"; };
		001580CD1B27728200E03E94 /* MIChatViewController.m */ = {isa = PBXFileReference; fileEncoding = 4; lastKnownFileType = sourcecode.c.objc; path = MIChatViewController.m; sourceTree = "<group>"; };
		001580CF1B27729500E03E94 /* MINovoPedidoViewController.h */ = {isa = PBXFileReference; fileEncoding = 4; lastKnownFileType = sourcecode.c.h; path = MINovoPedidoViewController.h; sourceTree = "<group>"; };
		001580D01B27729500E03E94 /* MINovoPedidoViewController.m */ = {isa = PBXFileReference; fileEncoding = 4; lastKnownFileType = sourcecode.c.objc; path = MINovoPedidoViewController.m; sourceTree = "<group>"; };
		001580D21B2772AB00E03E94 /* MIFinalizarPedidoViewController.h */ = {isa = PBXFileReference; fileEncoding = 4; lastKnownFileType = sourcecode.c.h; path = MIFinalizarPedidoViewController.h; sourceTree = "<group>"; };
		001580D31B2772AB00E03E94 /* MIFinalizarPedidoViewController.m */ = {isa = PBXFileReference; fileEncoding = 4; lastKnownFileType = sourcecode.c.objc; path = MIFinalizarPedidoViewController.m; sourceTree = "<group>"; };
		001580D51B2772DF00E03E94 /* MIMeuPedidoDetalhadoViewController.h */ = {isa = PBXFileReference; fileEncoding = 4; lastKnownFileType = sourcecode.c.h; path = MIMeuPedidoDetalhadoViewController.h; sourceTree = "<group>"; };
		001580D61B2772DF00E03E94 /* MIMeuPedidoDetalhadoViewController.m */ = {isa = PBXFileReference; fileEncoding = 4; lastKnownFileType = sourcecode.c.objc; path = MIMeuPedidoDetalhadoViewController.m; sourceTree = "<group>"; };
		001580D81B2772F600E03E94 /* MIEditarPedidoViewController.h */ = {isa = PBXFileReference; fileEncoding = 4; lastKnownFileType = sourcecode.c.h; path = MIEditarPedidoViewController.h; sourceTree = "<group>"; };
		001580D91B2772F600E03E94 /* MIEditarPedidoViewController.m */ = {isa = PBXFileReference; fileEncoding = 4; lastKnownFileType = sourcecode.c.objc; path = MIEditarPedidoViewController.m; sourceTree = "<group>"; };
		001580DB1B2773B500E03E94 /* MIPedido.h */ = {isa = PBXFileReference; fileEncoding = 4; lastKnownFileType = sourcecode.c.h; path = MIPedido.h; sourceTree = "<group>"; };
		001580DC1B2773B500E03E94 /* MIPedido.m */ = {isa = PBXFileReference; fileEncoding = 4; lastKnownFileType = sourcecode.c.objc; path = MIPedido.m; sourceTree = "<group>"; };
		001580DE1B2773EB00E03E94 /* MIMessage.h */ = {isa = PBXFileReference; fileEncoding = 4; lastKnownFileType = sourcecode.c.h; path = MIMessage.h; sourceTree = "<group>"; };
		001580DF1B2773EB00E03E94 /* MIMessage.m */ = {isa = PBXFileReference; fileEncoding = 4; lastKnownFileType = sourcecode.c.objc; path = MIMessage.m; sourceTree = "<group>"; };
		001580E11B27740100E03E94 /* MIChat.h */ = {isa = PBXFileReference; fileEncoding = 4; lastKnownFileType = sourcecode.c.h; path = MIChat.h; sourceTree = "<group>"; };
		001580E21B27740100E03E94 /* MIChat.m */ = {isa = PBXFileReference; fileEncoding = 4; lastKnownFileType = sourcecode.c.objc; path = MIChat.m; sourceTree = "<group>"; };
		001580E41B27742200E03E94 /* MIUser.h */ = {isa = PBXFileReference; fileEncoding = 4; lastKnownFileType = sourcecode.c.h; path = MIUser.h; sourceTree = "<group>"; };
		001580E51B27742200E03E94 /* MIUser.m */ = {isa = PBXFileReference; fileEncoding = 4; lastKnownFileType = sourcecode.c.objc; path = MIUser.m; sourceTree = "<group>"; };
		001580E71B27743E00E03E94 /* MICloudController.h */ = {isa = PBXFileReference; fileEncoding = 4; lastKnownFileType = sourcecode.c.h; path = MICloudController.h; sourceTree = "<group>"; };
		001580E81B27743E00E03E94 /* MICloudController.m */ = {isa = PBXFileReference; fileEncoding = 4; lastKnownFileType = sourcecode.c.objc; path = MICloudController.m; sourceTree = "<group>"; };
		001580EA1B27751B00E03E94 /* MIFiltrosDeBusca.h */ = {isa = PBXFileReference; fileEncoding = 4; lastKnownFileType = sourcecode.c.h; path = MIFiltrosDeBusca.h; sourceTree = "<group>"; };
		001580EB1B27751B00E03E94 /* MIFiltrosDeBusca.m */ = {isa = PBXFileReference; fileEncoding = 4; lastKnownFileType = sourcecode.c.objc; path = MIFiltrosDeBusca.m; sourceTree = "<group>"; };
/* End PBXFileReference section */

/* Begin PBXFrameworksBuildPhase section */
		0015808E1B275E4700E03E94 /* Frameworks */ = {
			isa = PBXFrameworksBuildPhase;
			buildActionMask = 2147483647;
			files = (
			);
			runOnlyForDeploymentPostprocessing = 0;
		};
		001580A71B275E4700E03E94 /* Frameworks */ = {
			isa = PBXFrameworksBuildPhase;
			buildActionMask = 2147483647;
			files = (
			);
			runOnlyForDeploymentPostprocessing = 0;
		};
/* End PBXFrameworksBuildPhase section */

/* Begin PBXGroup section */
		001580881B275E4700E03E94 = {
			isa = PBXGroup;
			children = (
				001580931B275E4700E03E94 /* Midas */,
				001580AD1B275E4700E03E94 /* MidasTests */,
				001580921B275E4700E03E94 /* Products */,
			);
			sourceTree = "<group>";
		};
		001580921B275E4700E03E94 /* Products */ = {
			isa = PBXGroup;
			children = (
				001580911B275E4700E03E94 /* Midas.app */,
				001580AA1B275E4700E03E94 /* MidasTests.xctest */,
			);
			name = Products;
			sourceTree = "<group>";
		};
		001580931B275E4700E03E94 /* Midas */ = {
			isa = PBXGroup;
			children = (
				1FE7D9741B2779A700656359 /* Controller */,
				1FE7D9731B27796200656359 /* Model */,
				001580981B275E4700E03E94 /* AppDelegate.h */,
				001580991B275E4700E03E94 /* AppDelegate.m */,
				0015809E1B275E4700E03E94 /* Main.storyboard */,
				001580A11B275E4700E03E94 /* Images.xcassets */,
				001580A31B275E4700E03E94 /* LaunchScreen.xib */,
				001580941B275E4700E03E94 /* Supporting Files */,
			);
			path = Midas;
			sourceTree = "<group>";
		};
		001580941B275E4700E03E94 /* Supporting Files */ = {
			isa = PBXGroup;
			children = (
				001580951B275E4700E03E94 /* Info.plist */,
				001580961B275E4700E03E94 /* main.m */,
			);
			name = "Supporting Files";
			sourceTree = "<group>";
		};
		001580AD1B275E4700E03E94 /* MidasTests */ = {
			isa = PBXGroup;
			children = (
				001580B01B275E4700E03E94 /* MidasTests.m */,
				001580AE1B275E4700E03E94 /* Supporting Files */,
			);
			path = MidasTests;
			sourceTree = "<group>";
		};
		001580AE1B275E4700E03E94 /* Supporting Files */ = {
			isa = PBXGroup;
			children = (
				001580AF1B275E4700E03E94 /* Info.plist */,
			);
			name = "Supporting Files";
			sourceTree = "<group>";
		};
		1FE7D9731B27796200656359 /* Model */ = {
			isa = PBXGroup;
			children = (
				001580DB1B2773B500E03E94 /* MIPedido.h */,
				001580DC1B2773B500E03E94 /* MIPedido.m */,
				001580DE1B2773EB00E03E94 /* MIMessage.h */,
				001580DF1B2773EB00E03E94 /* MIMessage.m */,
				001580E11B27740100E03E94 /* MIChat.h */,
				001580E21B27740100E03E94 /* MIChat.m */,
				001580E41B27742200E03E94 /* MIUser.h */,
				001580E51B27742200E03E94 /* MIUser.m */,
				001580EA1B27751B00E03E94 /* MIFiltrosDeBusca.h */,
				001580EB1B27751B00E03E94 /* MIFiltrosDeBusca.m */,
			);
			name = Model;
			sourceTree = "<group>";
		};
		1FE7D9741B2779A700656359 /* Controller */ = {
			isa = PBXGroup;
			children = (
				001580C01B2771D400E03E94 /* MIMuralViewController.h */,
				001580C11B2771D400E03E94 /* MIMuralViewController.m */,
				001580C31B2771F800E03E94 /* MIMeusPedidosViewController.h */,
				001580C41B2771F800E03E94 /* MIMeusPedidosViewController.m */,
				001580C61B27721400E03E94 /* MIConfiguracoesViewController.h */,
				001580C71B27721400E03E94 /* MIConfiguracoesViewController.m */,
				001580C91B27726600E03E94 /* MIPedidoDetalhadoViewController.h */,
				001580CA1B27726600E03E94 /* MIPedidoDetalhadoViewController.m */,
				001580CC1B27728200E03E94 /* MIChatViewController.h */,
				001580CD1B27728200E03E94 /* MIChatViewController.m */,
				001580CF1B27729500E03E94 /* MINovoPedidoViewController.h */,
				001580D01B27729500E03E94 /* MINovoPedidoViewController.m */,
				001580D21B2772AB00E03E94 /* MIFinalizarPedidoViewController.h */,
				001580D31B2772AB00E03E94 /* MIFinalizarPedidoViewController.m */,
				001580D51B2772DF00E03E94 /* MIMeuPedidoDetalhadoViewController.h */,
				001580D61B2772DF00E03E94 /* MIMeuPedidoDetalhadoViewController.m */,
				001580D81B2772F600E03E94 /* MIEditarPedidoViewController.h */,
				001580D91B2772F600E03E94 /* MIEditarPedidoViewController.m */,
				001580E71B27743E00E03E94 /* MICloudController.h */,
				001580E81B27743E00E03E94 /* MICloudController.m */,
			);
			name = Controller;
			sourceTree = "<group>";
		};
/* End PBXGroup section */

/* Begin PBXNativeTarget section */
		001580901B275E4700E03E94 /* Midas */ = {
			isa = PBXNativeTarget;
			buildConfigurationList = 001580B41B275E4700E03E94 /* Build configuration list for PBXNativeTarget "Midas" */;
			buildPhases = (
				0015808D1B275E4700E03E94 /* Sources */,
				0015808E1B275E4700E03E94 /* Frameworks */,
				0015808F1B275E4700E03E94 /* Resources */,
			);
			buildRules = (
			);
			dependencies = (
			);
			name = Midas;
			productName = Midas;
			productReference = 001580911B275E4700E03E94 /* Midas.app */;
			productType = "com.apple.product-type.application";
		};
		001580A91B275E4700E03E94 /* MidasTests */ = {
			isa = PBXNativeTarget;
			buildConfigurationList = 001580B71B275E4700E03E94 /* Build configuration list for PBXNativeTarget "MidasTests" */;
			buildPhases = (
				001580A61B275E4700E03E94 /* Sources */,
				001580A71B275E4700E03E94 /* Frameworks */,
				001580A81B275E4700E03E94 /* Resources */,
			);
			buildRules = (
			);
			dependencies = (
				001580AC1B275E4700E03E94 /* PBXTargetDependency */,
			);
			name = MidasTests;
			productName = MidasTests;
			productReference = 001580AA1B275E4700E03E94 /* MidasTests.xctest */;
			productType = "com.apple.product-type.bundle.unit-test";
		};
/* End PBXNativeTarget section */

/* Begin PBXProject section */
		001580891B275E4700E03E94 /* Project object */ = {
			isa = PBXProject;
			attributes = {
				LastUpgradeCheck = 0630;
				ORGANIZATIONNAME = rfccg;
				TargetAttributes = {
					001580901B275E4700E03E94 = {
						CreatedOnToolsVersion = 6.3.1;
					};
					001580A91B275E4700E03E94 = {
						CreatedOnToolsVersion = 6.3.1;
						TestTargetID = 001580901B275E4700E03E94;
					};
				};
			};
			buildConfigurationList = 0015808C1B275E4700E03E94 /* Build configuration list for PBXProject "Midas" */;
			compatibilityVersion = "Xcode 3.2";
			developmentRegion = English;
			hasScannedForEncodings = 0;
			knownRegions = (
				en,
				Base,
			);
			mainGroup = 001580881B275E4700E03E94;
			productRefGroup = 001580921B275E4700E03E94 /* Products */;
			projectDirPath = "";
			projectRoot = "";
			targets = (
				001580901B275E4700E03E94 /* Midas */,
				001580A91B275E4700E03E94 /* MidasTests */,
			);
		};
/* End PBXProject section */

/* Begin PBXResourcesBuildPhase section */
		0015808F1B275E4700E03E94 /* Resources */ = {
			isa = PBXResourcesBuildPhase;
			buildActionMask = 2147483647;
			files = (
				001580A01B275E4700E03E94 /* Main.storyboard in Resources */,
				001580A51B275E4700E03E94 /* LaunchScreen.xib in Resources */,
				001580A21B275E4700E03E94 /* Images.xcassets in Resources */,
			);
			runOnlyForDeploymentPostprocessing = 0;
		};
		001580A81B275E4700E03E94 /* Resources */ = {
			isa = PBXResourcesBuildPhase;
			buildActionMask = 2147483647;
			files = (
			);
			runOnlyForDeploymentPostprocessing = 0;
		};
/* End PBXResourcesBuildPhase section */

/* Begin PBXSourcesBuildPhase section */
		0015808D1B275E4700E03E94 /* Sources */ = {
			isa = PBXSourcesBuildPhase;
			buildActionMask = 2147483647;
			files = (
				001580C51B2771F800E03E94 /* MIMeusPedidosViewController.m in Sources */,
				001580E31B27740100E03E94 /* MIChat.m in Sources */,
				001580C21B2771D400E03E94 /* MIMuralViewController.m in Sources */,
				001580EC1B27751B00E03E94 /* MIFiltrosDeBusca.m in Sources */,
				001580D41B2772AB00E03E94 /* MIFinalizarPedidoViewController.m in Sources */,
				001580C81B27721400E03E94 /* MIConfiguracoesViewController.m in Sources */,
				001580D11B27729500E03E94 /* MINovoPedidoViewController.m in Sources */,
				001580DD1B2773B500E03E94 /* MIPedido.m in Sources */,
				001580E61B27742200E03E94 /* MIUser.m in Sources */,
				0015809A1B275E4700E03E94 /* AppDelegate.m in Sources */,
				001580CB1B27726600E03E94 /* MIPedidoDetalhadoViewController.m in Sources */,
				001580DA1B2772F600E03E94 /* MIEditarPedidoViewController.m in Sources */,
				001580E91B27743E00E03E94 /* MICloudController.m in Sources */,
				001580CE1B27728200E03E94 /* MIChatViewController.m in Sources */,
				001580E01B2773EB00E03E94 /* MIMessage.m in Sources */,
				001580971B275E4700E03E94 /* main.m in Sources */,
				001580D71B2772DF00E03E94 /* MIMeuPedidoDetalhadoViewController.m in Sources */,
			);
			runOnlyForDeploymentPostprocessing = 0;
		};
		001580A61B275E4700E03E94 /* Sources */ = {
			isa = PBXSourcesBuildPhase;
			buildActionMask = 2147483647;
			files = (
				001580B11B275E4700E03E94 /* MidasTests.m in Sources */,
			);
			runOnlyForDeploymentPostprocessing = 0;
		};
/* End PBXSourcesBuildPhase section */

/* Begin PBXTargetDependency section */
		001580AC1B275E4700E03E94 /* PBXTargetDependency */ = {
			isa = PBXTargetDependency;
			target = 001580901B275E4700E03E94 /* Midas */;
			targetProxy = 001580AB1B275E4700E03E94 /* PBXContainerItemProxy */;
		};
/* End PBXTargetDependency section */

/* Begin PBXVariantGroup section */
		0015809E1B275E4700E03E94 /* Main.storyboard */ = {
			isa = PBXVariantGroup;
			children = (
				0015809F1B275E4700E03E94 /* Base */,
			);
			name = Main.storyboard;
			sourceTree = "<group>";
		};
		001580A31B275E4700E03E94 /* LaunchScreen.xib */ = {
			isa = PBXVariantGroup;
			children = (
				001580A41B275E4700E03E94 /* Base */,
			);
			name = LaunchScreen.xib;
			sourceTree = "<group>";
		};
/* End PBXVariantGroup section */

/* Begin XCBuildConfiguration section */
		001580B21B275E4700E03E94 /* Debug */ = {
			isa = XCBuildConfiguration;
			buildSettings = {
				ALWAYS_SEARCH_USER_PATHS = NO;
				CLANG_CXX_LANGUAGE_STANDARD = "gnu++0x";
				CLANG_CXX_LIBRARY = "libc++";
				CLANG_ENABLE_MODULES = YES;
				CLANG_ENABLE_OBJC_ARC = YES;
				CLANG_WARN_BOOL_CONVERSION = YES;
				CLANG_WARN_CONSTANT_CONVERSION = YES;
				CLANG_WARN_DIRECT_OBJC_ISA_USAGE = YES_ERROR;
				CLANG_WARN_EMPTY_BODY = YES;
				CLANG_WARN_ENUM_CONVERSION = YES;
				CLANG_WARN_INT_CONVERSION = YES;
				CLANG_WARN_OBJC_ROOT_CLASS = YES_ERROR;
				CLANG_WARN_UNREACHABLE_CODE = YES;
				CLANG_WARN__DUPLICATE_METHOD_MATCH = YES;
				"CODE_SIGN_IDENTITY[sdk=iphoneos*]" = "iPhone Developer";
				COPY_PHASE_STRIP = NO;
				DEBUG_INFORMATION_FORMAT = "dwarf-with-dsym";
				ENABLE_STRICT_OBJC_MSGSEND = YES;
				GCC_C_LANGUAGE_STANDARD = gnu99;
				GCC_DYNAMIC_NO_PIC = NO;
				GCC_NO_COMMON_BLOCKS = YES;
				GCC_OPTIMIZATION_LEVEL = 0;
				GCC_PREPROCESSOR_DEFINITIONS = (
					"DEBUG=1",
					"$(inherited)",
				);
				GCC_SYMBOLS_PRIVATE_EXTERN = NO;
				GCC_WARN_64_TO_32_BIT_CONVERSION = YES;
				GCC_WARN_ABOUT_RETURN_TYPE = YES_ERROR;
				GCC_WARN_UNDECLARED_SELECTOR = YES;
				GCC_WARN_UNINITIALIZED_AUTOS = YES_AGGRESSIVE;
				GCC_WARN_UNUSED_FUNCTION = YES;
				GCC_WARN_UNUSED_VARIABLE = YES;
				IPHONEOS_DEPLOYMENT_TARGET = 8.3;
				MTL_ENABLE_DEBUG_INFO = YES;
				ONLY_ACTIVE_ARCH = YES;
				SDKROOT = iphoneos;
			};
			name = Debug;
		};
		001580B31B275E4700E03E94 /* Release */ = {
			isa = XCBuildConfiguration;
			buildSettings = {
				ALWAYS_SEARCH_USER_PATHS = NO;
				CLANG_CXX_LANGUAGE_STANDARD = "gnu++0x";
				CLANG_CXX_LIBRARY = "libc++";
				CLANG_ENABLE_MODULES = YES;
				CLANG_ENABLE_OBJC_ARC = YES;
				CLANG_WARN_BOOL_CONVERSION = YES;
				CLANG_WARN_CONSTANT_CONVERSION = YES;
				CLANG_WARN_DIRECT_OBJC_ISA_USAGE = YES_ERROR;
				CLANG_WARN_EMPTY_BODY = YES;
				CLANG_WARN_ENUM_CONVERSION = YES;
				CLANG_WARN_INT_CONVERSION = YES;
				CLANG_WARN_OBJC_ROOT_CLASS = YES_ERROR;
				CLANG_WARN_UNREACHABLE_CODE = YES;
				CLANG_WARN__DUPLICATE_METHOD_MATCH = YES;
				"CODE_SIGN_IDENTITY[sdk=iphoneos*]" = "iPhone Developer";
				COPY_PHASE_STRIP = NO;
				DEBUG_INFORMATION_FORMAT = "dwarf-with-dsym";
				ENABLE_NS_ASSERTIONS = NO;
				ENABLE_STRICT_OBJC_MSGSEND = YES;
				GCC_C_LANGUAGE_STANDARD = gnu99;
				GCC_NO_COMMON_BLOCKS = YES;
				GCC_WARN_64_TO_32_BIT_CONVERSION = YES;
				GCC_WARN_ABOUT_RETURN_TYPE = YES_ERROR;
				GCC_WARN_UNDECLARED_SELECTOR = YES;
				GCC_WARN_UNINITIALIZED_AUTOS = YES_AGGRESSIVE;
				GCC_WARN_UNUSED_FUNCTION = YES;
				GCC_WARN_UNUSED_VARIABLE = YES;
				IPHONEOS_DEPLOYMENT_TARGET = 8.3;
				MTL_ENABLE_DEBUG_INFO = NO;
				SDKROOT = iphoneos;
				VALIDATE_PRODUCT = YES;
			};
			name = Release;
		};
		001580B51B275E4700E03E94 /* Debug */ = {
			isa = XCBuildConfiguration;
			buildSettings = {
				ASSETCATALOG_COMPILER_APPICON_NAME = AppIcon;
				INFOPLIST_FILE = Midas/Info.plist;
				LD_RUNPATH_SEARCH_PATHS = "$(inherited) @executable_path/Frameworks";
				PRODUCT_NAME = "$(TARGET_NAME)";
			};
			name = Debug;
		};
		001580B61B275E4700E03E94 /* Release */ = {
			isa = XCBuildConfiguration;
			buildSettings = {
				ASSETCATALOG_COMPILER_APPICON_NAME = AppIcon;
				INFOPLIST_FILE = Midas/Info.plist;
				LD_RUNPATH_SEARCH_PATHS = "$(inherited) @executable_path/Frameworks";
				PRODUCT_NAME = "$(TARGET_NAME)";
			};
			name = Release;
		};
		001580B81B275E4700E03E94 /* Debug */ = {
			isa = XCBuildConfiguration;
			buildSettings = {
				BUNDLE_LOADER = "$(TEST_HOST)";
				FRAMEWORK_SEARCH_PATHS = (
					"$(SDKROOT)/Developer/Library/Frameworks",
					"$(inherited)",
				);
				GCC_PREPROCESSOR_DEFINITIONS = (
					"DEBUG=1",
					"$(inherited)",
				);
				INFOPLIST_FILE = MidasTests/Info.plist;
				LD_RUNPATH_SEARCH_PATHS = "$(inherited) @executable_path/Frameworks @loader_path/Frameworks";
				PRODUCT_NAME = "$(TARGET_NAME)";
				TEST_HOST = "$(BUILT_PRODUCTS_DIR)/Midas.app/Midas";
			};
			name = Debug;
		};
		001580B91B275E4700E03E94 /* Release */ = {
			isa = XCBuildConfiguration;
			buildSettings = {
				BUNDLE_LOADER = "$(TEST_HOST)";
				FRAMEWORK_SEARCH_PATHS = (
					"$(SDKROOT)/Developer/Library/Frameworks",
					"$(inherited)",
				);
				INFOPLIST_FILE = MidasTests/Info.plist;
				LD_RUNPATH_SEARCH_PATHS = "$(inherited) @executable_path/Frameworks @loader_path/Frameworks";
				PRODUCT_NAME = "$(TARGET_NAME)";
				TEST_HOST = "$(BUILT_PRODUCTS_DIR)/Midas.app/Midas";
			};
			name = Release;
		};
/* End XCBuildConfiguration section */

/* Begin XCConfigurationList section */
		0015808C1B275E4700E03E94 /* Build configuration list for PBXProject "Midas" */ = {
			isa = XCConfigurationList;
			buildConfigurations = (
				001580B21B275E4700E03E94 /* Debug */,
				001580B31B275E4700E03E94 /* Release */,
			);
			defaultConfigurationIsVisible = 0;
			defaultConfigurationName = Release;
		};
		001580B41B275E4700E03E94 /* Build configuration list for PBXNativeTarget "Midas" */ = {
			isa = XCConfigurationList;
			buildConfigurations = (
				001580B51B275E4700E03E94 /* Debug */,
				001580B61B275E4700E03E94 /* Release */,
			);
			defaultConfigurationIsVisible = 0;
			defaultConfigurationName = Release;
		};
		001580B71B275E4700E03E94 /* Build configuration list for PBXNativeTarget "MidasTests" */ = {
			isa = XCConfigurationList;
			buildConfigurations = (
				001580B81B275E4700E03E94 /* Debug */,
				001580B91B275E4700E03E94 /* Release */,
			);
			defaultConfigurationIsVisible = 0;
			defaultConfigurationName = Release;
		};
/* End XCConfigurationList section */
	};
	rootObject = 001580891B275E4700E03E94 /* Project object */;
}
